// !$*UTF8*$!
{
	archiveVersion = 1;
	classes = {
	};
	objectVersion = 55;
	objects = {

/* Begin PBXBuildFile section */
		D563857C279F084800CCE0A3 /* TextFieldInsets in Frameworks */ = {isa = PBXBuildFile; productRef = D563857B279F084800CCE0A3 /* TextFieldInsets */; };
		D565F183277EA79A00761BEA /* KeyboardToolbar in Frameworks */ = {isa = PBXBuildFile; productRef = D565F182277EA79A00761BEA /* KeyboardToolbar */; };
		D5987C30277B660D0039F71D /* TodoRowView.swift in Sources */ = {isa = PBXBuildFile; fileRef = D5987C2F277B660D0039F71D /* TodoRowView.swift */; };
		D5AEE25E2779136400A62DAD /* Assets.xcassets in Resources */ = {isa = PBXBuildFile; fileRef = D5AEE25D2779136400A62DAD /* Assets.xcassets */; };
		D5AEE2612779136400A62DAD /* Preview Assets.xcassets in Resources */ = {isa = PBXBuildFile; fileRef = D5AEE2602779136400A62DAD /* Preview Assets.xcassets */; };
		D5AEE26B2779136400A62DAD /* TodosTests.swift in Sources */ = {isa = PBXBuildFile; fileRef = D5AEE26A2779136400A62DAD /* TodosTests.swift */; };
		D5AEE285277913F100A62DAD /* ComposableArchitecture in Frameworks */ = {isa = PBXBuildFile; productRef = D5AEE284277913F100A62DAD /* ComposableArchitecture */; };
		D5AEE2882779140100A62DAD /* App.swift in Sources */ = {isa = PBXBuildFile; fileRef = D5AEE2862779140100A62DAD /* App.swift */; };
		D5AEE2892779140100A62DAD /* AppView.swift in Sources */ = {isa = PBXBuildFile; fileRef = D5AEE2872779140100A62DAD /* AppView.swift */; };
		D5EF0B30277D327C00A3378B /* MultilineTextField in Frameworks */ = {isa = PBXBuildFile; productRef = D5EF0B2F277D327C00A3378B /* MultilineTextField */; };
/* End PBXBuildFile section */

/* Begin PBXContainerItemProxy section */
		D5AEE2672779136400A62DAD /* PBXContainerItemProxy */ = {
			isa = PBXContainerItemProxy;
			containerPortal = D5AEE24E2779136300A62DAD /* Project object */;
			proxyType = 1;
			remoteGlobalIDString = D5AEE2552779136300A62DAD;
			remoteInfo = LearningTCA;
		};
/* End PBXContainerItemProxy section */

/* Begin PBXFileReference section */
		D5638579279F07EA00CCE0A3 /* TextFieldInsets */ = {isa = PBXFileReference; lastKnownFileType = wrapper; path = TextFieldInsets; sourceTree = "<group>"; };
		D565F180277EA79100761BEA /* KeyboardToolbar */ = {isa = PBXFileReference; lastKnownFileType = wrapper; path = KeyboardToolbar; sourceTree = "<group>"; };
		D5987C2F277B660D0039F71D /* TodoRowView.swift */ = {isa = PBXFileReference; lastKnownFileType = sourcecode.swift; path = TodoRowView.swift; sourceTree = "<group>"; };
		D5AEE2562779136300A62DAD /* LearningTCA.app */ = {isa = PBXFileReference; explicitFileType = wrapper.application; includeInIndex = 0; path = LearningTCA.app; sourceTree = BUILT_PRODUCTS_DIR; };
		D5AEE25D2779136400A62DAD /* Assets.xcassets */ = {isa = PBXFileReference; lastKnownFileType = folder.assetcatalog; path = Assets.xcassets; sourceTree = "<group>"; };
		D5AEE2602779136400A62DAD /* Preview Assets.xcassets */ = {isa = PBXFileReference; lastKnownFileType = folder.assetcatalog; path = "Preview Assets.xcassets"; sourceTree = "<group>"; };
		D5AEE2662779136400A62DAD /* LearningTCATests.xctest */ = {isa = PBXFileReference; explicitFileType = wrapper.cfbundle; includeInIndex = 0; path = LearningTCATests.xctest; sourceTree = BUILT_PRODUCTS_DIR; };
		D5AEE26A2779136400A62DAD /* TodosTests.swift */ = {isa = PBXFileReference; lastKnownFileType = sourcecode.swift; path = TodosTests.swift; sourceTree = "<group>"; };
		D5AEE2862779140100A62DAD /* App.swift */ = {isa = PBXFileReference; fileEncoding = 4; lastKnownFileType = sourcecode.swift; path = App.swift; sourceTree = SOURCE_ROOT; };
		D5AEE2872779140100A62DAD /* AppView.swift */ = {isa = PBXFileReference; fileEncoding = 4; lastKnownFileType = sourcecode.swift; path = AppView.swift; sourceTree = SOURCE_ROOT; };
		D5EF0B2B277D31A200A3378B /* MultilineTextField */ = {isa = PBXFileReference; lastKnownFileType = wrapper; path = MultilineTextField; sourceTree = "<group>"; };
/* End PBXFileReference section */

/* Begin PBXFrameworksBuildPhase section */
		D5AEE2532779136300A62DAD /* Frameworks */ = {
			isa = PBXFrameworksBuildPhase;
			buildActionMask = 2147483647;
			files = (
				D5EF0B30277D327C00A3378B /* MultilineTextField in Frameworks */,
				D565F183277EA79A00761BEA /* KeyboardToolbar in Frameworks */,
				D563857C279F084800CCE0A3 /* TextFieldInsets in Frameworks */,
				D5AEE285277913F100A62DAD /* ComposableArchitecture in Frameworks */,
			);
			runOnlyForDeploymentPostprocessing = 0;
		};
		D5AEE2632779136400A62DAD /* Frameworks */ = {
			isa = PBXFrameworksBuildPhase;
			buildActionMask = 2147483647;
			files = (
			);
			runOnlyForDeploymentPostprocessing = 0;
		};
/* End PBXFrameworksBuildPhase section */

/* Begin PBXGroup section */
		D563857A279F084800CCE0A3 /* Frameworks */ = {
			isa = PBXGroup;
			children = (
			);
			name = Frameworks;
			sourceTree = "<group>";
		};
		D5AEE24D2779136300A62DAD = {
			isa = PBXGroup;
			children = (
				D5638579279F07EA00CCE0A3 /* TextFieldInsets */,
				D565F180277EA79100761BEA /* KeyboardToolbar */,
				D5EF0B2B277D31A200A3378B /* MultilineTextField */,
				D5AEE2582779136300A62DAD /* LearningTCA */,
				D5AEE2692779136400A62DAD /* LearningTCATests */,
				D5AEE2572779136300A62DAD /* Products */,
				D563857A279F084800CCE0A3 /* Frameworks */,
			);
			sourceTree = "<group>";
		};
		D5AEE2572779136300A62DAD /* Products */ = {
			isa = PBXGroup;
			children = (
				D5AEE2562779136300A62DAD /* LearningTCA.app */,
				D5AEE2662779136400A62DAD /* LearningTCATests.xctest */,
			);
			name = Products;
			sourceTree = "<group>";
		};
		D5AEE2582779136300A62DAD /* LearningTCA */ = {
			isa = PBXGroup;
			children = (
				D5AEE2862779140100A62DAD /* App.swift */,
				D5AEE2872779140100A62DAD /* AppView.swift */,
				D5987C2F277B660D0039F71D /* TodoRowView.swift */,
				D5AEE25D2779136400A62DAD /* Assets.xcassets */,
				D5AEE25F2779136400A62DAD /* Preview Content */,
			);
			path = LearningTCA;
			sourceTree = "<group>";
		};
		D5AEE25F2779136400A62DAD /* Preview Content */ = {
			isa = PBXGroup;
			children = (
				D5AEE2602779136400A62DAD /* Preview Assets.xcassets */,
			);
			path = "Preview Content";
			sourceTree = "<group>";
		};
		D5AEE2692779136400A62DAD /* LearningTCATests */ = {
			isa = PBXGroup;
			children = (
				D5AEE26A2779136400A62DAD /* TodosTests.swift */,
			);
			path = LearningTCATests;
			sourceTree = "<group>";
		};
/* End PBXGroup section */

/* Begin PBXNativeTarget section */
		D5AEE2552779136300A62DAD /* LearningTCA */ = {
			isa = PBXNativeTarget;
			buildConfigurationList = D5AEE27A2779136400A62DAD /* Build configuration list for PBXNativeTarget "LearningTCA" */;
			buildPhases = (
				D5AEE2522779136300A62DAD /* Sources */,
				D5AEE2532779136300A62DAD /* Frameworks */,
				D5AEE2542779136300A62DAD /* Resources */,
			);
			buildRules = (
			);
			dependencies = (
			);
			name = LearningTCA;
			packageProductDependencies = (
				D5AEE284277913F100A62DAD /* ComposableArchitecture */,
				D5EF0B2F277D327C00A3378B /* MultilineTextField */,
				D565F182277EA79A00761BEA /* KeyboardToolbar */,
				D563857B279F084800CCE0A3 /* TextFieldInsets */,
			);
			productName = LearningTCA;
			productReference = D5AEE2562779136300A62DAD /* LearningTCA.app */;
			productType = "com.apple.product-type.application";
		};
		D5AEE2652779136400A62DAD /* LearningTCATests */ = {
			isa = PBXNativeTarget;
			buildConfigurationList = D5AEE27D2779136400A62DAD /* Build configuration list for PBXNativeTarget "LearningTCATests" */;
			buildPhases = (
				D5AEE2622779136400A62DAD /* Sources */,
				D5AEE2632779136400A62DAD /* Frameworks */,
				D5AEE2642779136400A62DAD /* Resources */,
			);
			buildRules = (
			);
			dependencies = (
				D5AEE2682779136400A62DAD /* PBXTargetDependency */,
			);
			name = LearningTCATests;
			productName = LearningTCATests;
			productReference = D5AEE2662779136400A62DAD /* LearningTCATests.xctest */;
			productType = "com.apple.product-type.bundle.unit-test";
		};
/* End PBXNativeTarget section */

/* Begin PBXProject section */
		D5AEE24E2779136300A62DAD /* Project object */ = {
			isa = PBXProject;
			attributes = {
				BuildIndependentTargetsInParallel = 1;
				LastSwiftUpdateCheck = 1320;
				LastUpgradeCheck = 1320;
				TargetAttributes = {
					D5AEE2552779136300A62DAD = {
						CreatedOnToolsVersion = 13.2;
						LastSwiftMigration = 1320;
					};
					D5AEE2652779136400A62DAD = {
						CreatedOnToolsVersion = 13.2;
						TestTargetID = D5AEE2552779136300A62DAD;
					};
				};
			};
			buildConfigurationList = D5AEE2512779136300A62DAD /* Build configuration list for PBXProject "LearningTCA" */;
			compatibilityVersion = "Xcode 13.0";
			developmentRegion = en;
			hasScannedForEncodings = 0;
			knownRegions = (
				en,
				Base,
			);
			mainGroup = D5AEE24D2779136300A62DAD;
			packageReferences = (
				D5AEE283277913F100A62DAD /* XCRemoteSwiftPackageReference "swift-composable-architecture" */,
			);
			productRefGroup = D5AEE2572779136300A62DAD /* Products */;
			projectDirPath = "";
			projectRoot = "";
			targets = (
				D5AEE2552779136300A62DAD /* LearningTCA */,
				D5AEE2652779136400A62DAD /* LearningTCATests */,
			);
		};
/* End PBXProject section */

/* Begin PBXResourcesBuildPhase section */
		D5AEE2542779136300A62DAD /* Resources */ = {
			isa = PBXResourcesBuildPhase;
			buildActionMask = 2147483647;
			files = (
				D5AEE2612779136400A62DAD /* Preview Assets.xcassets in Resources */,
				D5AEE25E2779136400A62DAD /* Assets.xcassets in Resources */,
			);
			runOnlyForDeploymentPostprocessing = 0;
		};
		D5AEE2642779136400A62DAD /* Resources */ = {
			isa = PBXResourcesBuildPhase;
			buildActionMask = 2147483647;
			files = (
			);
			runOnlyForDeploymentPostprocessing = 0;
		};
/* End PBXResourcesBuildPhase section */

/* Begin PBXSourcesBuildPhase section */
		D5AEE2522779136300A62DAD /* Sources */ = {
			isa = PBXSourcesBuildPhase;
			buildActionMask = 2147483647;
			files = (
				D5AEE2892779140100A62DAD /* AppView.swift in Sources */,
				D5987C30277B660D0039F71D /* TodoRowView.swift in Sources */,
				D5AEE2882779140100A62DAD /* App.swift in Sources */,
			);
			runOnlyForDeploymentPostprocessing = 0;
		};
		D5AEE2622779136400A62DAD /* Sources */ = {
			isa = PBXSourcesBuildPhase;
			buildActionMask = 2147483647;
			files = (
				D5AEE26B2779136400A62DAD /* TodosTests.swift in Sources */,
			);
			runOnlyForDeploymentPostprocessing = 0;
		};
/* End PBXSourcesBuildPhase section */

/* Begin PBXTargetDependency section */
		D5AEE2682779136400A62DAD /* PBXTargetDependency */ = {
			isa = PBXTargetDependency;
			target = D5AEE2552779136300A62DAD /* LearningTCA */;
			targetProxy = D5AEE2672779136400A62DAD /* PBXContainerItemProxy */;
		};
/* End PBXTargetDependency section */

/* Begin XCBuildConfiguration section */
		D5AEE2782779136400A62DAD /* Debug */ = {
			isa = XCBuildConfiguration;
			buildSettings = {
				ALWAYS_SEARCH_USER_PATHS = NO;
				CLANG_ANALYZER_NONNULL = YES;
				CLANG_ANALYZER_NUMBER_OBJECT_CONVERSION = YES_AGGRESSIVE;
				CLANG_CXX_LANGUAGE_STANDARD = "gnu++17";
				CLANG_CXX_LIBRARY = "libc++";
				CLANG_ENABLE_MODULES = YES;
				CLANG_ENABLE_OBJC_ARC = YES;
				CLANG_ENABLE_OBJC_WEAK = YES;
				CLANG_WARN_BLOCK_CAPTURE_AUTORELEASING = YES;
				CLANG_WARN_BOOL_CONVERSION = YES;
				CLANG_WARN_COMMA = YES;
				CLANG_WARN_CONSTANT_CONVERSION = YES;
				CLANG_WARN_DEPRECATED_OBJC_IMPLEMENTATIONS = YES;
				CLANG_WARN_DIRECT_OBJC_ISA_USAGE = YES_ERROR;
				CLANG_WARN_DOCUMENTATION_COMMENTS = YES;
				CLANG_WARN_EMPTY_BODY = YES;
				CLANG_WARN_ENUM_CONVERSION = YES;
				CLANG_WARN_INFINITE_RECURSION = YES;
				CLANG_WARN_INT_CONVERSION = YES;
				CLANG_WARN_NON_LITERAL_NULL_CONVERSION = YES;
				CLANG_WARN_OBJC_IMPLICIT_RETAIN_SELF = YES;
				CLANG_WARN_OBJC_LITERAL_CONVERSION = YES;
				CLANG_WARN_OBJC_ROOT_CLASS = YES_ERROR;
				CLANG_WARN_QUOTED_INCLUDE_IN_FRAMEWORK_HEADER = YES;
				CLANG_WARN_RANGE_LOOP_ANALYSIS = YES;
				CLANG_WARN_STRICT_PROTOTYPES = YES;
				CLANG_WARN_SUSPICIOUS_MOVE = YES;
				CLANG_WARN_UNGUARDED_AVAILABILITY = YES_AGGRESSIVE;
				CLANG_WARN_UNREACHABLE_CODE = YES;
				CLANG_WARN__DUPLICATE_METHOD_MATCH = YES;
				COPY_PHASE_STRIP = NO;
				DEBUG_INFORMATION_FORMAT = dwarf;
				ENABLE_STRICT_OBJC_MSGSEND = YES;
				ENABLE_TESTABILITY = YES;
				GCC_C_LANGUAGE_STANDARD = gnu11;
				GCC_DYNAMIC_NO_PIC = NO;
				GCC_NO_COMMON_BLOCKS = YES;
				GCC_OPTIMIZATION_LEVEL = 0;
				GCC_PREPROCESSOR_DEFINITIONS = (
					"DEBUG=1",
					"$(inherited)",
				);
				GCC_WARN_64_TO_32_BIT_CONVERSION = YES;
				GCC_WARN_ABOUT_RETURN_TYPE = YES_ERROR;
				GCC_WARN_UNDECLARED_SELECTOR = YES;
				GCC_WARN_UNINITIALIZED_AUTOS = YES_AGGRESSIVE;
				GCC_WARN_UNUSED_FUNCTION = YES;
				GCC_WARN_UNUSED_VARIABLE = YES;
				IPHONEOS_DEPLOYMENT_TARGET = 15.0;
				MTL_ENABLE_DEBUG_INFO = INCLUDE_SOURCE;
				MTL_FAST_MATH = YES;
				ONLY_ACTIVE_ARCH = YES;
				SDKROOT = iphoneos;
				SWIFT_ACTIVE_COMPILATION_CONDITIONS = DEBUG;
				SWIFT_OPTIMIZATION_LEVEL = "-Onone";
			};
			name = Debug;
		};
		D5AEE2792779136400A62DAD /* Release */ = {
			isa = XCBuildConfiguration;
			buildSettings = {
				ALWAYS_SEARCH_USER_PATHS = NO;
				CLANG_ANALYZER_NONNULL = YES;
				CLANG_ANALYZER_NUMBER_OBJECT_CONVERSION = YES_AGGRESSIVE;
				CLANG_CXX_LANGUAGE_STANDARD = "gnu++17";
				CLANG_CXX_LIBRARY = "libc++";
				CLANG_ENABLE_MODULES = YES;
				CLANG_ENABLE_OBJC_ARC = YES;
				CLANG_ENABLE_OBJC_WEAK = YES;
				CLANG_WARN_BLOCK_CAPTURE_AUTORELEASING = YES;
				CLANG_WARN_BOOL_CONVERSION = YES;
				CLANG_WARN_COMMA = YES;
				CLANG_WARN_CONSTANT_CONVERSION = YES;
				CLANG_WARN_DEPRECATED_OBJC_IMPLEMENTATIONS = YES;
				CLANG_WARN_DIRECT_OBJC_ISA_USAGE = YES_ERROR;
				CLANG_WARN_DOCUMENTATION_COMMENTS = YES;
				CLANG_WARN_EMPTY_BODY = YES;
				CLANG_WARN_ENUM_CONVERSION = YES;
				CLANG_WARN_INFINITE_RECURSION = YES;
				CLANG_WARN_INT_CONVERSION = YES;
				CLANG_WARN_NON_LITERAL_NULL_CONVERSION = YES;
				CLANG_WARN_OBJC_IMPLICIT_RETAIN_SELF = YES;
				CLANG_WARN_OBJC_LITERAL_CONVERSION = YES;
				CLANG_WARN_OBJC_ROOT_CLASS = YES_ERROR;
				CLANG_WARN_QUOTED_INCLUDE_IN_FRAMEWORK_HEADER = YES;
				CLANG_WARN_RANGE_LOOP_ANALYSIS = YES;
				CLANG_WARN_STRICT_PROTOTYPES = YES;
				CLANG_WARN_SUSPICIOUS_MOVE = YES;
				CLANG_WARN_UNGUARDED_AVAILABILITY = YES_AGGRESSIVE;
				CLANG_WARN_UNREACHABLE_CODE = YES;
				CLANG_WARN__DUPLICATE_METHOD_MATCH = YES;
				COPY_PHASE_STRIP = NO;
				DEBUG_INFORMATION_FORMAT = "dwarf-with-dsym";
				ENABLE_NS_ASSERTIONS = NO;
				ENABLE_STRICT_OBJC_MSGSEND = YES;
				GCC_C_LANGUAGE_STANDARD = gnu11;
				GCC_NO_COMMON_BLOCKS = YES;
				GCC_WARN_64_TO_32_BIT_CONVERSION = YES;
				GCC_WARN_ABOUT_RETURN_TYPE = YES_ERROR;
				GCC_WARN_UNDECLARED_SELECTOR = YES;
				GCC_WARN_UNINITIALIZED_AUTOS = YES_AGGRESSIVE;
				GCC_WARN_UNUSED_FUNCTION = YES;
				GCC_WARN_UNUSED_VARIABLE = YES;
				IPHONEOS_DEPLOYMENT_TARGET = 15.0;
				MTL_ENABLE_DEBUG_INFO = NO;
				MTL_FAST_MATH = YES;
				SDKROOT = iphoneos;
				SWIFT_COMPILATION_MODE = wholemodule;
				SWIFT_OPTIMIZATION_LEVEL = "-O";
				VALIDATE_PRODUCT = YES;
			};
			name = Release;
		};
		D5AEE27B2779136400A62DAD /* Debug */ = {
			isa = XCBuildConfiguration;
			buildSettings = {
				ASSETCATALOG_COMPILER_APPICON_NAME = AppIcon;
				ASSETCATALOG_COMPILER_GLOBAL_ACCENT_COLOR_NAME = AccentColor;
				CLANG_ENABLE_MODULES = YES;
				CODE_SIGN_STYLE = Automatic;
				CURRENT_PROJECT_VERSION = 1;
				DEVELOPMENT_ASSET_PATHS = "\"LearningTCA/Preview Content\"";
				ENABLE_PREVIEWS = YES;
				GENERATE_INFOPLIST_FILE = YES;
				INFOPLIST_KEY_UIApplicationSceneManifest_Generation = YES;
				INFOPLIST_KEY_UIApplicationSupportsIndirectInputEvents = YES;
				INFOPLIST_KEY_UILaunchScreen_Generation = YES;
				INFOPLIST_KEY_UISupportedInterfaceOrientations_iPad = "UIInterfaceOrientationPortrait UIInterfaceOrientationPortraitUpsideDown UIInterfaceOrientationLandscapeLeft UIInterfaceOrientationLandscapeRight";
				INFOPLIST_KEY_UISupportedInterfaceOrientations_iPhone = "UIInterfaceOrientationPortrait UIInterfaceOrientationLandscapeLeft UIInterfaceOrientationLandscapeRight";
				LD_RUNPATH_SEARCH_PATHS = (
					"$(inherited)",
					"@executable_path/Frameworks",
				);
				MARKETING_VERSION = 1.0;
				PRODUCT_BUNDLE_IDENTIFIER = dev.davidroman.LearningTCA;
				PRODUCT_NAME = "$(TARGET_NAME)";
				SWIFT_EMIT_LOC_STRINGS = YES;
				SWIFT_OPTIMIZATION_LEVEL = "-Onone";
				SWIFT_VERSION = 5.0;
				TARGETED_DEVICE_FAMILY = "1,2";
			};
			name = Debug;
		};
		D5AEE27C2779136400A62DAD /* Release */ = {
			isa = XCBuildConfiguration;
			buildSettings = {
				ASSETCATALOG_COMPILER_APPICON_NAME = AppIcon;
				ASSETCATALOG_COMPILER_GLOBAL_ACCENT_COLOR_NAME = AccentColor;
				CLANG_ENABLE_MODULES = YES;
				CODE_SIGN_STYLE = Automatic;
				CURRENT_PROJECT_VERSION = 1;
				DEVELOPMENT_ASSET_PATHS = "\"LearningTCA/Preview Content\"";
				ENABLE_PREVIEWS = YES;
				GENERATE_INFOPLIST_FILE = YES;
				INFOPLIST_KEY_UIApplicationSceneManifest_Generation = YES;
				INFOPLIST_KEY_UIApplicationSupportsIndirectInputEvents = YES;
				INFOPLIST_KEY_UILaunchScreen_Generation = YES;
				INFOPLIST_KEY_UISupportedInterfaceOrientations_iPad = "UIInterfaceOrientationPortrait UIInterfaceOrientationPortraitUpsideDown UIInterfaceOrientationLandscapeLeft UIInterfaceOrientationLandscapeRight";
				INFOPLIST_KEY_UISupportedInterfaceOrientations_iPhone = "UIInterfaceOrientationPortrait UIInterfaceOrientationLandscapeLeft UIInterfaceOrientationLandscapeRight";
				LD_RUNPATH_SEARCH_PATHS = (
					"$(inherited)",
					"@executable_path/Frameworks",
				);
				MARKETING_VERSION = 1.0;
				PRODUCT_BUNDLE_IDENTIFIER = dev.davidroman.LearningTCA;
				PRODUCT_NAME = "$(TARGET_NAME)";
				SWIFT_EMIT_LOC_STRINGS = YES;
				SWIFT_VERSION = 5.0;
				TARGETED_DEVICE_FAMILY = "1,2";
			};
			name = Release;
		};
		D5AEE27E2779136400A62DAD /* Debug */ = {
			isa = XCBuildConfiguration;
			buildSettings = {
				ALWAYS_EMBED_SWIFT_STANDARD_LIBRARIES = YES;
				BUNDLE_LOADER = "$(TEST_HOST)";
				CODE_SIGN_STYLE = Automatic;
				CURRENT_PROJECT_VERSION = 1;
				GENERATE_INFOPLIST_FILE = YES;
				IPHONEOS_DEPLOYMENT_TARGET = 15.2;
				MARKETING_VERSION = 1.0;
				PRODUCT_BUNDLE_IDENTIFIER = dev.davidroman.LearningTCATests;
				PRODUCT_NAME = "$(TARGET_NAME)";
				SWIFT_EMIT_LOC_STRINGS = NO;
				SWIFT_VERSION = 5.0;
				TARGETED_DEVICE_FAMILY = "1,2";
				TEST_HOST = "$(BUILT_PRODUCTS_DIR)/LearningTCA.app/LearningTCA";
			};
			name = Debug;
		};
		D5AEE27F2779136400A62DAD /* Release */ = {
			isa = XCBuildConfiguration;
			buildSettings = {
				ALWAYS_EMBED_SWIFT_STANDARD_LIBRARIES = YES;
				BUNDLE_LOADER = "$(TEST_HOST)";
				CODE_SIGN_STYLE = Automatic;
				CURRENT_PROJECT_VERSION = 1;
				GENERATE_INFOPLIST_FILE = YES;
				IPHONEOS_DEPLOYMENT_TARGET = 15.2;
				MARKETING_VERSION = 1.0;
				PRODUCT_BUNDLE_IDENTIFIER = dev.davidroman.LearningTCATests;
				PRODUCT_NAME = "$(TARGET_NAME)";
				SWIFT_EMIT_LOC_STRINGS = NO;
				SWIFT_VERSION = 5.0;
				TARGETED_DEVICE_FAMILY = "1,2";
				TEST_HOST = "$(BUILT_PRODUCTS_DIR)/LearningTCA.app/LearningTCA";
			};
			name = Release;
		};
/* End XCBuildConfiguration section */

/* Begin XCConfigurationList section */
		D5AEE2512779136300A62DAD /* Build configuration list for PBXProject "LearningTCA" */ = {
			isa = XCConfigurationList;
			buildConfigurations = (
				D5AEE2782779136400A62DAD /* Debug */,
				D5AEE2792779136400A62DAD /* Release */,
			);
			defaultConfigurationIsVisible = 0;
			defaultConfigurationName = Release;
		};
		D5AEE27A2779136400A62DAD /* Build configuration list for PBXNativeTarget "LearningTCA" */ = {
			isa = XCConfigurationList;
			buildConfigurations = (
				D5AEE27B2779136400A62DAD /* Debug */,
				D5AEE27C2779136400A62DAD /* Release */,
			);
			defaultConfigurationIsVisible = 0;
			defaultConfigurationName = Release;
		};
		D5AEE27D2779136400A62DAD /* Build configuration list for PBXNativeTarget "LearningTCATests" */ = {
			isa = XCConfigurationList;
			buildConfigurations = (
				D5AEE27E2779136400A62DAD /* Debug */,
				D5AEE27F2779136400A62DAD /* Release */,
			);
			defaultConfigurationIsVisible = 0;
			defaultConfigurationName = Release;
		};
/* End XCConfigurationList section */

/* Begin XCRemoteSwiftPackageReference section */
		D5AEE283277913F100A62DAD /* XCRemoteSwiftPackageReference "swift-composable-architecture" */ = {
			isa = XCRemoteSwiftPackageReference;
			repositoryURL = "https://github.com/pointfreeco/swift-composable-architecture.git";
			requirement = {
				kind = upToNextMajorVersion;
				minimumVersion = 0.31.0;
			};
		};
/* End XCRemoteSwiftPackageReference section */

/* Begin XCSwiftPackageProductDependency section */
		D563857B279F084800CCE0A3 /* TextFieldInsets */ = {
			isa = XCSwiftPackageProductDependency;
			productName = TextFieldInsets;
		};
		D565F182277EA79A00761BEA /* KeyboardToolbar */ = {
			isa = XCSwiftPackageProductDependency;
			productName = KeyboardToolbar;
		};
		D5AEE284277913F100A62DAD /* ComposableArchitecture */ = {
			isa = XCSwiftPackageProductDependency;
			package = D5AEE283277913F100A62DAD /* XCRemoteSwiftPackageReference "swift-composable-architecture" */;
			productName = ComposableArchitecture;
		};
		D5EF0B2F277D327C00A3378B /* MultilineTextField */ = {
			isa = XCSwiftPackageProductDependency;
			productName = MultilineTextField;
		};
/* End XCSwiftPackageProductDependency section */
	};
	rootObject = D5AEE24E2779136300A62DAD /* Project object */;
}
